// !$*UTF8*$!
{
	archiveVersion = 1;
	classes = {
	};
	objectVersion = 50;
	objects = {

/* Begin PBXBuildFile section */
		99A5C30355ED9571F4F7E91D /* Pods_PokerAgent.framework in Frameworks */ = {isa = PBXBuildFile; fileRef = 5C4591FB66298E10E01EC10A /* Pods_PokerAgent.framework */; };
		A42054D820ACBDA100B481FA /* RealmService.swift in Sources */ = {isa = PBXBuildFile; fileRef = A42054D720ACBDA100B481FA /* RealmService.swift */; };
		A42054DA20ACBDBA00B481FA /* Session.swift in Sources */ = {isa = PBXBuildFile; fileRef = A42054D920ACBDBA00B481FA /* Session.swift */; };
		A42054DC20ACBDEE00B481FA /* Player.swift in Sources */ = {isa = PBXBuildFile; fileRef = A42054DB20ACBDEE00B481FA /* Player.swift */; };
		A49187B820ACB6DA00CF9CC9 /* AppDelegate.swift in Sources */ = {isa = PBXBuildFile; fileRef = A49187B720ACB6DA00CF9CC9 /* AppDelegate.swift */; };
		A49187BA20ACB6DA00CF9CC9 /* HomeVC.swift in Sources */ = {isa = PBXBuildFile; fileRef = A49187B920ACB6DA00CF9CC9 /* HomeVC.swift */; };
		A49187BD20ACB6DA00CF9CC9 /* Main.storyboard in Resources */ = {isa = PBXBuildFile; fileRef = A49187BB20ACB6DA00CF9CC9 /* Main.storyboard */; };
		A49187BF20ACB6DA00CF9CC9 /* Assets.xcassets in Resources */ = {isa = PBXBuildFile; fileRef = A49187BE20ACB6DA00CF9CC9 /* Assets.xcassets */; };
		A49187C220ACB6DA00CF9CC9 /* LaunchScreen.storyboard in Resources */ = {isa = PBXBuildFile; fileRef = A49187C020ACB6DA00CF9CC9 /* LaunchScreen.storyboard */; };
		A49F686E20ACEFCF00B4EA34 /* Table.swift in Sources */ = {isa = PBXBuildFile; fileRef = A49F686D20ACEFCF00B4EA34 /* Table.swift */; };
		A49F687020ACF25200B4EA34 /* ActiveSessionVC.swift in Sources */ = {isa = PBXBuildFile; fileRef = A49F686F20ACF25200B4EA34 /* ActiveSessionVC.swift */; };
		A49F687220AE1C4A00B4EA34 /* Statistics.swift in Sources */ = {isa = PBXBuildFile; fileRef = A49F687120AE1C4A00B4EA34 /* Statistics.swift */; };
		A49F687420AE1DC000B4EA34 /* PlayerSession.swift in Sources */ = {isa = PBXBuildFile; fileRef = A49F687320AE1DC000B4EA34 /* PlayerSession.swift */; };
		A49F687720AE2FFC00B4EA34 /* AgeRanges.swift in Sources */ = {isa = PBXBuildFile; fileRef = A49F687620AE2FFC00B4EA34 /* AgeRanges.swift */; };
		A49F687920B0AE6500B4EA34 /* DetachObjectService.swift in Sources */ = {isa = PBXBuildFile; fileRef = A49F687820B0AE6500B4EA34 /* DetachObjectService.swift */; };
		A4CF316320BE2D68000A5BB7 /* SessionSetupDetailsVC.swift in Sources */ = {isa = PBXBuildFile; fileRef = A4CF316220BE2D68000A5BB7 /* SessionSetupDetailsVC.swift */; };
		A4F58FD620B348B1009808F3 /* SessionSetupVC.swift in Sources */ = {isa = PBXBuildFile; fileRef = A4F58FD520B348B1009808F3 /* SessionSetupVC.swift */; };
		A4F58FD820B3492F009808F3 /* StatisticsCard.swift in Sources */ = {isa = PBXBuildFile; fileRef = A4F58FD720B3492F009808F3 /* StatisticsCard.swift */; };
		A4F58FDA20B349A3009808F3 /* ActionButton.swift in Sources */ = {isa = PBXBuildFile; fileRef = A4F58FD920B349A3009808F3 /* ActionButton.swift */; };
/* End PBXBuildFile section */

/* Begin PBXFileReference section */
		0CFF55BFB4CC1FD6BB433521 /* Pods-PokerAgent.release.xcconfig */ = {isa = PBXFileReference; includeInIndex = 1; lastKnownFileType = text.xcconfig; name = "Pods-PokerAgent.release.xcconfig"; path = "Pods/Target Support Files/Pods-PokerAgent/Pods-PokerAgent.release.xcconfig"; sourceTree = "<group>"; };
		1F0D1BE6762D4EFC55CA4C50 /* Pods-PokerAgent.debug.xcconfig */ = {isa = PBXFileReference; includeInIndex = 1; lastKnownFileType = text.xcconfig; name = "Pods-PokerAgent.debug.xcconfig"; path = "Pods/Target Support Files/Pods-PokerAgent/Pods-PokerAgent.debug.xcconfig"; sourceTree = "<group>"; };
		5C4591FB66298E10E01EC10A /* Pods_PokerAgent.framework */ = {isa = PBXFileReference; explicitFileType = wrapper.framework; includeInIndex = 0; path = Pods_PokerAgent.framework; sourceTree = BUILT_PRODUCTS_DIR; };
		A42054D720ACBDA100B481FA /* RealmService.swift */ = {isa = PBXFileReference; lastKnownFileType = sourcecode.swift; path = RealmService.swift; sourceTree = "<group>"; };
		A42054D920ACBDBA00B481FA /* Session.swift */ = {isa = PBXFileReference; lastKnownFileType = sourcecode.swift; path = Session.swift; sourceTree = "<group>"; };
		A42054DB20ACBDEE00B481FA /* Player.swift */ = {isa = PBXFileReference; lastKnownFileType = sourcecode.swift; path = Player.swift; sourceTree = "<group>"; };
		A49187B420ACB6DA00CF9CC9 /* PokerAgent.app */ = {isa = PBXFileReference; explicitFileType = wrapper.application; includeInIndex = 0; path = PokerAgent.app; sourceTree = BUILT_PRODUCTS_DIR; };
		A49187B720ACB6DA00CF9CC9 /* AppDelegate.swift */ = {isa = PBXFileReference; lastKnownFileType = sourcecode.swift; path = AppDelegate.swift; sourceTree = "<group>"; };
		A49187B920ACB6DA00CF9CC9 /* HomeVC.swift */ = {isa = PBXFileReference; lastKnownFileType = sourcecode.swift; path = HomeVC.swift; sourceTree = "<group>"; };
		A49187BC20ACB6DA00CF9CC9 /* Base */ = {isa = PBXFileReference; lastKnownFileType = file.storyboard; name = Base; path = Base.lproj/Main.storyboard; sourceTree = "<group>"; };
		A49187BE20ACB6DA00CF9CC9 /* Assets.xcassets */ = {isa = PBXFileReference; lastKnownFileType = folder.assetcatalog; path = Assets.xcassets; sourceTree = "<group>"; };
		A49187C120ACB6DA00CF9CC9 /* Base */ = {isa = PBXFileReference; lastKnownFileType = file.storyboard; name = Base; path = Base.lproj/LaunchScreen.storyboard; sourceTree = "<group>"; };
		A49187C320ACB6DA00CF9CC9 /* Info.plist */ = {isa = PBXFileReference; lastKnownFileType = text.plist.xml; path = Info.plist; sourceTree = "<group>"; };
		A49F686D20ACEFCF00B4EA34 /* Table.swift */ = {isa = PBXFileReference; lastKnownFileType = sourcecode.swift; path = Table.swift; sourceTree = "<group>"; };
		A49F686F20ACF25200B4EA34 /* ActiveSessionVC.swift */ = {isa = PBXFileReference; lastKnownFileType = sourcecode.swift; path = ActiveSessionVC.swift; sourceTree = "<group>"; };
		A49F687120AE1C4A00B4EA34 /* Statistics.swift */ = {isa = PBXFileReference; lastKnownFileType = sourcecode.swift; path = Statistics.swift; sourceTree = "<group>"; };
		A49F687320AE1DC000B4EA34 /* PlayerSession.swift */ = {isa = PBXFileReference; lastKnownFileType = sourcecode.swift; path = PlayerSession.swift; sourceTree = "<group>"; };
		A49F687620AE2FFC00B4EA34 /* AgeRanges.swift */ = {isa = PBXFileReference; lastKnownFileType = sourcecode.swift; path = AgeRanges.swift; sourceTree = "<group>"; };
		A49F687820B0AE6500B4EA34 /* DetachObjectService.swift */ = {isa = PBXFileReference; lastKnownFileType = sourcecode.swift; path = DetachObjectService.swift; sourceTree = "<group>"; };
		A4CF316220BE2D68000A5BB7 /* SessionSetupDetailsVC.swift */ = {isa = PBXFileReference; lastKnownFileType = sourcecode.swift; path = SessionSetupDetailsVC.swift; sourceTree = "<group>"; };
		A4F58FD520B348B1009808F3 /* SessionSetupVC.swift */ = {isa = PBXFileReference; lastKnownFileType = sourcecode.swift; path = SessionSetupVC.swift; sourceTree = "<group>"; };
		A4F58FD720B3492F009808F3 /* StatisticsCard.swift */ = {isa = PBXFileReference; lastKnownFileType = sourcecode.swift; path = StatisticsCard.swift; sourceTree = "<group>"; };
		A4F58FD920B349A3009808F3 /* ActionButton.swift */ = {isa = PBXFileReference; lastKnownFileType = sourcecode.swift; path = ActionButton.swift; sourceTree = "<group>"; };
/* End PBXFileReference section */

/* Begin PBXFrameworksBuildPhase section */
		A49187B120ACB6DA00CF9CC9 /* Frameworks */ = {
			isa = PBXFrameworksBuildPhase;
			buildActionMask = 2147483647;
			files = (
				99A5C30355ED9571F4F7E91D /* Pods_PokerAgent.framework in Frameworks */,
			);
			runOnlyForDeploymentPostprocessing = 0;
		};
/* End PBXFrameworksBuildPhase section */

/* Begin PBXGroup section */
		1FFA52F6B159B6937661A29C /* Frameworks */ = {
			isa = PBXGroup;
			children = (
				5C4591FB66298E10E01EC10A /* Pods_PokerAgent.framework */,
			);
			name = Frameworks;
			sourceTree = "<group>";
		};
		93599E044E48DAFBFF3955FB /* Pods */ = {
			isa = PBXGroup;
			children = (
				1F0D1BE6762D4EFC55CA4C50 /* Pods-PokerAgent.debug.xcconfig */,
				0CFF55BFB4CC1FD6BB433521 /* Pods-PokerAgent.release.xcconfig */,
			);
			name = Pods;
			sourceTree = "<group>";
		};
		A49187AB20ACB6DA00CF9CC9 = {
			isa = PBXGroup;
			children = (
				A49187B620ACB6DA00CF9CC9 /* PokerAgent */,
				A49187B520ACB6DA00CF9CC9 /* Products */,
				93599E044E48DAFBFF3955FB /* Pods */,
				1FFA52F6B159B6937661A29C /* Frameworks */,
			);
			sourceTree = "<group>";
		};
		A49187B520ACB6DA00CF9CC9 /* Products */ = {
			isa = PBXGroup;
			children = (
				A49187B420ACB6DA00CF9CC9 /* PokerAgent.app */,
			);
			name = Products;
			sourceTree = "<group>";
		};
		A49187B620ACB6DA00CF9CC9 /* PokerAgent */ = {
			isa = PBXGroup;
			children = (
				A49F687520AE2FEA00B4EA34 /* Enums */,
				A49F686C20ACEF2500B4EA34 /* GameLogic */,
				A49187CC20ACB91F00CF9CC9 /* Views */,
				A49187CB20ACB91800CF9CC9 /* Controllers */,
				A49187CA20ACB91000CF9CC9 /* Services */,
				A49187C920ACB90800CF9CC9 /* Models */,
				A49187B720ACB6DA00CF9CC9 /* AppDelegate.swift */,
				A49187BB20ACB6DA00CF9CC9 /* Main.storyboard */,
				A49187BE20ACB6DA00CF9CC9 /* Assets.xcassets */,
				A49187C020ACB6DA00CF9CC9 /* LaunchScreen.storyboard */,
				A49187C320ACB6DA00CF9CC9 /* Info.plist */,
			);
			path = PokerAgent;
			sourceTree = "<group>";
		};
		A49187C920ACB90800CF9CC9 /* Models */ = {
			isa = PBXGroup;
			children = (
				A42054D920ACBDBA00B481FA /* Session.swift */,
				A42054DB20ACBDEE00B481FA /* Player.swift */,
				A49F687320AE1DC000B4EA34 /* PlayerSession.swift */,
			);
			path = Models;
			sourceTree = "<group>";
		};
		A49187CA20ACB91000CF9CC9 /* Services */ = {
			isa = PBXGroup;
			children = (
				A42054D720ACBDA100B481FA /* RealmService.swift */,
				A49F687820B0AE6500B4EA34 /* DetachObjectService.swift */,
			);
			path = Services;
			sourceTree = "<group>";
		};
		A49187CB20ACB91800CF9CC9 /* Controllers */ = {
			isa = PBXGroup;
			children = (
				A49187B920ACB6DA00CF9CC9 /* HomeVC.swift */,
				A49F686F20ACF25200B4EA34 /* ActiveSessionVC.swift */,
				A4F58FD520B348B1009808F3 /* SessionSetupVC.swift */,
				A4CF316220BE2D68000A5BB7 /* SessionSetupDetailsVC.swift */,
			);
			path = Controllers;
			sourceTree = "<group>";
		};
		A49187CC20ACB91F00CF9CC9 /* Views */ = {
			isa = PBXGroup;
			children = (
				A4F58FD720B3492F009808F3 /* StatisticsCard.swift */,
				A4F58FD920B349A3009808F3 /* ActionButton.swift */,
			);
			path = Views;
			sourceTree = "<group>";
		};
		A49F686C20ACEF2500B4EA34 /* GameLogic */ = {
			isa = PBXGroup;
			children = (
				A49F686D20ACEFCF00B4EA34 /* Table.swift */,
				A49F687120AE1C4A00B4EA34 /* Statistics.swift */,
			);
			path = GameLogic;
			sourceTree = "<group>";
		};
		A49F687520AE2FEA00B4EA34 /* Enums */ = {
			isa = PBXGroup;
			children = (
				A49F687620AE2FFC00B4EA34 /* AgeRanges.swift */,
			);
			path = Enums;
			sourceTree = "<group>";
		};
/* End PBXGroup section */

/* Begin PBXNativeTarget section */
		A49187B320ACB6DA00CF9CC9 /* PokerAgent */ = {
			isa = PBXNativeTarget;
			buildConfigurationList = A49187C620ACB6DA00CF9CC9 /* Build configuration list for PBXNativeTarget "PokerAgent" */;
			buildPhases = (
				C2D33101C2863234722E55ED /* [CP] Check Pods Manifest.lock */,
				A49187B020ACB6DA00CF9CC9 /* Sources */,
				A49187B120ACB6DA00CF9CC9 /* Frameworks */,
				A49187B220ACB6DA00CF9CC9 /* Resources */,
				7F56FF075AC65D2F6B50A5C2 /* [CP] Embed Pods Frameworks */,
			);
			buildRules = (
			);
			dependencies = (
			);
			name = PokerAgent;
			productName = PokerAgent;
			productReference = A49187B420ACB6DA00CF9CC9 /* PokerAgent.app */;
			productType = "com.apple.product-type.application";
		};
/* End PBXNativeTarget section */

/* Begin PBXProject section */
		A49187AC20ACB6DA00CF9CC9 /* Project object */ = {
			isa = PBXProject;
			attributes = {
				LastSwiftUpdateCheck = 0930;
				LastUpgradeCheck = 0930;
				ORGANIZATIONNAME = "Alex Constantine";
				TargetAttributes = {
					A49187B320ACB6DA00CF9CC9 = {
						CreatedOnToolsVersion = 9.3.1;
					};
				};
			};
			buildConfigurationList = A49187AF20ACB6DA00CF9CC9 /* Build configuration list for PBXProject "PokerAgent" */;
			compatibilityVersion = "Xcode 9.3";
			developmentRegion = en;
			hasScannedForEncodings = 0;
			knownRegions = (
				en,
				Base,
			);
			mainGroup = A49187AB20ACB6DA00CF9CC9;
			productRefGroup = A49187B520ACB6DA00CF9CC9 /* Products */;
			projectDirPath = "";
			projectRoot = "";
			targets = (
				A49187B320ACB6DA00CF9CC9 /* PokerAgent */,
			);
		};
/* End PBXProject section */

/* Begin PBXResourcesBuildPhase section */
		A49187B220ACB6DA00CF9CC9 /* Resources */ = {
			isa = PBXResourcesBuildPhase;
			buildActionMask = 2147483647;
			files = (
				A49187C220ACB6DA00CF9CC9 /* LaunchScreen.storyboard in Resources */,
				A49187BF20ACB6DA00CF9CC9 /* Assets.xcassets in Resources */,
				A49187BD20ACB6DA00CF9CC9 /* Main.storyboard in Resources */,
			);
			runOnlyForDeploymentPostprocessing = 0;
		};
/* End PBXResourcesBuildPhase section */

/* Begin PBXShellScriptBuildPhase section */
		7F56FF075AC65D2F6B50A5C2 /* [CP] Embed Pods Frameworks */ = {
			isa = PBXShellScriptBuildPhase;
			buildActionMask = 2147483647;
			files = (
			);
			inputPaths = (
				"${SRCROOT}/Pods/Target Support Files/Pods-PokerAgent/Pods-PokerAgent-frameworks.sh",
				"${BUILT_PRODUCTS_DIR}/Realm/Realm.framework",
				"${BUILT_PRODUCTS_DIR}/RealmSwift/RealmSwift.framework",
			);
			name = "[CP] Embed Pods Frameworks";
			outputPaths = (
				"${TARGET_BUILD_DIR}/${FRAMEWORKS_FOLDER_PATH}/Realm.framework",
				"${TARGET_BUILD_DIR}/${FRAMEWORKS_FOLDER_PATH}/RealmSwift.framework",
			);
			runOnlyForDeploymentPostprocessing = 0;
			shellPath = /bin/sh;
			shellScript = "\"${SRCROOT}/Pods/Target Support Files/Pods-PokerAgent/Pods-PokerAgent-frameworks.sh\"\n";
			showEnvVarsInLog = 0;
		};
		C2D33101C2863234722E55ED /* [CP] Check Pods Manifest.lock */ = {
			isa = PBXShellScriptBuildPhase;
			buildActionMask = 2147483647;
			files = (
			);
			inputPaths = (
				"${PODS_PODFILE_DIR_PATH}/Podfile.lock",
				"${PODS_ROOT}/Manifest.lock",
			);
			name = "[CP] Check Pods Manifest.lock";
			outputPaths = (
				"$(DERIVED_FILE_DIR)/Pods-PokerAgent-checkManifestLockResult.txt",
			);
			runOnlyForDeploymentPostprocessing = 0;
			shellPath = /bin/sh;
			shellScript = "diff \"${PODS_PODFILE_DIR_PATH}/Podfile.lock\" \"${PODS_ROOT}/Manifest.lock\" > /dev/null\nif [ $? != 0 ] ; then\n    # print error to STDERR\n    echo \"error: The sandbox is not in sync with the Podfile.lock. Run 'pod install' or update your CocoaPods installation.\" >&2\n    exit 1\nfi\n# This output is used by Xcode 'outputs' to avoid re-running this script phase.\necho \"SUCCESS\" > \"${SCRIPT_OUTPUT_FILE_0}\"\n";
			showEnvVarsInLog = 0;
		};
/* End PBXShellScriptBuildPhase section */

/* Begin PBXSourcesBuildPhase section */
		A49187B020ACB6DA00CF9CC9 /* Sources */ = {
			isa = PBXSourcesBuildPhase;
			buildActionMask = 2147483647;
			files = (
				A42054DA20ACBDBA00B481FA /* Session.swift in Sources */,
				A49F687020ACF25200B4EA34 /* ActiveSessionVC.swift in Sources */,
				A4CF316320BE2D68000A5BB7 /* SessionSetupDetailsVC.swift in Sources */,
				A49F687420AE1DC000B4EA34 /* PlayerSession.swift in Sources */,
				A49F686E20ACEFCF00B4EA34 /* Table.swift in Sources */,
				A49187BA20ACB6DA00CF9CC9 /* HomeVC.swift in Sources */,
				A49F687720AE2FFC00B4EA34 /* AgeRanges.swift in Sources */,
				A4F58FD820B3492F009808F3 /* StatisticsCard.swift in Sources */,
				A49F687920B0AE6500B4EA34 /* DetachObjectService.swift in Sources */,
				A42054D820ACBDA100B481FA /* RealmService.swift in Sources */,
				A42054DC20ACBDEE00B481FA /* Player.swift in Sources */,
				A4F58FD620B348B1009808F3 /* SessionSetupVC.swift in Sources */,
				A49F687220AE1C4A00B4EA34 /* Statistics.swift in Sources */,
				A49187B820ACB6DA00CF9CC9 /* AppDelegate.swift in Sources */,
				A4F58FDA20B349A3009808F3 /* ActionButton.swift in Sources */,
			);
			runOnlyForDeploymentPostprocessing = 0;
		};
/* End PBXSourcesBuildPhase section */

/* Begin PBXVariantGroup section */
		A49187BB20ACB6DA00CF9CC9 /* Main.storyboard */ = {
			isa = PBXVariantGroup;
			children = (
				A49187BC20ACB6DA00CF9CC9 /* Base */,
			);
			name = Main.storyboard;
			sourceTree = "<group>";
		};
		A49187C020ACB6DA00CF9CC9 /* LaunchScreen.storyboard */ = {
			isa = PBXVariantGroup;
			children = (
				A49187C120ACB6DA00CF9CC9 /* Base */,
			);
			name = LaunchScreen.storyboard;
			sourceTree = "<group>";
		};
/* End PBXVariantGroup section */

/* Begin XCBuildConfiguration section */
		A49187C420ACB6DA00CF9CC9 /* Debug */ = {
			isa = XCBuildConfiguration;
			buildSettings = {
				ALWAYS_SEARCH_USER_PATHS = NO;
				CLANG_ANALYZER_NONNULL = YES;
				CLANG_ANALYZER_NUMBER_OBJECT_CONVERSION = YES_AGGRESSIVE;
				CLANG_CXX_LANGUAGE_STANDARD = "gnu++14";
				CLANG_CXX_LIBRARY = "libc++";
				CLANG_ENABLE_MODULES = YES;
				CLANG_ENABLE_OBJC_ARC = YES;
				CLANG_ENABLE_OBJC_WEAK = YES;
				CLANG_WARN_BLOCK_CAPTURE_AUTORELEASING = YES;
				CLANG_WARN_BOOL_CONVERSION = YES;
				CLANG_WARN_COMMA = YES;
				CLANG_WARN_CONSTANT_CONVERSION = YES;
				CLANG_WARN_DEPRECATED_OBJC_IMPLEMENTATIONS = YES;
				CLANG_WARN_DIRECT_OBJC_ISA_USAGE = YES_ERROR;
				CLANG_WARN_DOCUMENTATION_COMMENTS = YES;
				CLANG_WARN_EMPTY_BODY = YES;
				CLANG_WARN_ENUM_CONVERSION = YES;
				CLANG_WARN_INFINITE_RECURSION = YES;
				CLANG_WARN_INT_CONVERSION = YES;
				CLANG_WARN_NON_LITERAL_NULL_CONVERSION = YES;
				CLANG_WARN_OBJC_IMPLICIT_RETAIN_SELF = YES;
				CLANG_WARN_OBJC_LITERAL_CONVERSION = YES;
				CLANG_WARN_OBJC_ROOT_CLASS = YES_ERROR;
				CLANG_WARN_RANGE_LOOP_ANALYSIS = YES;
				CLANG_WARN_STRICT_PROTOTYPES = YES;
				CLANG_WARN_SUSPICIOUS_MOVE = YES;
				CLANG_WARN_UNGUARDED_AVAILABILITY = YES_AGGRESSIVE;
				CLANG_WARN_UNREACHABLE_CODE = YES;
				CLANG_WARN__DUPLICATE_METHOD_MATCH = YES;
				CODE_SIGN_IDENTITY = "iPhone Developer";
				COPY_PHASE_STRIP = NO;
				DEBUG_INFORMATION_FORMAT = dwarf;
				ENABLE_STRICT_OBJC_MSGSEND = YES;
				ENABLE_TESTABILITY = YES;
				GCC_C_LANGUAGE_STANDARD = gnu11;
				GCC_DYNAMIC_NO_PIC = NO;
				GCC_NO_COMMON_BLOCKS = YES;
				GCC_OPTIMIZATION_LEVEL = 0;
				GCC_PREPROCESSOR_DEFINITIONS = (
					"DEBUG=1",
					"$(inherited)",
				);
				GCC_WARN_64_TO_32_BIT_CONVERSION = YES;
				GCC_WARN_ABOUT_RETURN_TYPE = YES_ERROR;
				GCC_WARN_UNDECLARED_SELECTOR = YES;
				GCC_WARN_UNINITIALIZED_AUTOS = YES_AGGRESSIVE;
				GCC_WARN_UNUSED_FUNCTION = YES;
				GCC_WARN_UNUSED_VARIABLE = YES;
				IPHONEOS_DEPLOYMENT_TARGET = 11.3;
				MTL_ENABLE_DEBUG_INFO = YES;
				ONLY_ACTIVE_ARCH = YES;
				SDKROOT = iphoneos;
				SWIFT_ACTIVE_COMPILATION_CONDITIONS = DEBUG;
				SWIFT_OPTIMIZATION_LEVEL = "-Onone";
			};
			name = Debug;
		};
		A49187C520ACB6DA00CF9CC9 /* Release */ = {
			isa = XCBuildConfiguration;
			buildSettings = {
				ALWAYS_SEARCH_USER_PATHS = NO;
				CLANG_ANALYZER_NONNULL = YES;
				CLANG_ANALYZER_NUMBER_OBJECT_CONVERSION = YES_AGGRESSIVE;
				CLANG_CXX_LANGUAGE_STANDARD = "gnu++14";
				CLANG_CXX_LIBRARY = "libc++";
				CLANG_ENABLE_MODULES = YES;
				CLANG_ENABLE_OBJC_ARC = YES;
				CLANG_ENABLE_OBJC_WEAK = YES;
				CLANG_WARN_BLOCK_CAPTURE_AUTORELEASING = YES;
				CLANG_WARN_BOOL_CONVERSION = YES;
				CLANG_WARN_COMMA = YES;
				CLANG_WARN_CONSTANT_CONVERSION = YES;
				CLANG_WARN_DEPRECATED_OBJC_IMPLEMENTATIONS = YES;
				CLANG_WARN_DIRECT_OBJC_ISA_USAGE = YES_ERROR;
				CLANG_WARN_DOCUMENTATION_COMMENTS = YES;
				CLANG_WARN_EMPTY_BODY = YES;
				CLANG_WARN_ENUM_CONVERSION = YES;
				CLANG_WARN_INFINITE_RECURSION = YES;
				CLANG_WARN_INT_CONVERSION = YES;
				CLANG_WARN_NON_LITERAL_NULL_CONVERSION = YES;
				CLANG_WARN_OBJC_IMPLICIT_RETAIN_SELF = YES;
				CLANG_WARN_OBJC_LITERAL_CONVERSION = YES;
				CLANG_WARN_OBJC_ROOT_CLASS = YES_ERROR;
				CLANG_WARN_RANGE_LOOP_ANALYSIS = YES;
				CLANG_WARN_STRICT_PROTOTYPES = YES;
				CLANG_WARN_SUSPICIOUS_MOVE = YES;
				CLANG_WARN_UNGUARDED_AVAILABILITY = YES_AGGRESSIVE;
				CLANG_WARN_UNREACHABLE_CODE = YES;
				CLANG_WARN__DUPLICATE_METHOD_MATCH = YES;
				CODE_SIGN_IDENTITY = "iPhone Developer";
				COPY_PHASE_STRIP = NO;
				DEBUG_INFORMATION_FORMAT = "dwarf-with-dsym";
				ENABLE_NS_ASSERTIONS = NO;
				ENABLE_STRICT_OBJC_MSGSEND = YES;
				GCC_C_LANGUAGE_STANDARD = gnu11;
				GCC_NO_COMMON_BLOCKS = YES;
				GCC_WARN_64_TO_32_BIT_CONVERSION = YES;
				GCC_WARN_ABOUT_RETURN_TYPE = YES_ERROR;
				GCC_WARN_UNDECLARED_SELECTOR = YES;
				GCC_WARN_UNINITIALIZED_AUTOS = YES_AGGRESSIVE;
				GCC_WARN_UNUSED_FUNCTION = YES;
				GCC_WARN_UNUSED_VARIABLE = YES;
				IPHONEOS_DEPLOYMENT_TARGET = 11.3;
				MTL_ENABLE_DEBUG_INFO = NO;
				SDKROOT = iphoneos;
				SWIFT_COMPILATION_MODE = wholemodule;
				SWIFT_OPTIMIZATION_LEVEL = "-O";
				VALIDATE_PRODUCT = YES;
			};
			name = Release;
		};
		A49187C720ACB6DA00CF9CC9 /* Debug */ = {
			isa = XCBuildConfiguration;
			baseConfigurationReference = 1F0D1BE6762D4EFC55CA4C50 /* Pods-PokerAgent.debug.xcconfig */;
			buildSettings = {
				ASSETCATALOG_COMPILER_APPICON_NAME = AppIcon;
				CODE_SIGN_IDENTITY = "iPhone Developer";
				CODE_SIGN_STYLE = Automatic;
				DEVELOPMENT_TEAM = 6H3MF736FD;
				INFOPLIST_FILE = PokerAgent/Info.plist;
				LD_RUNPATH_SEARCH_PATHS = (
					"$(inherited)",
					"@executable_path/Frameworks",
				);
				PRODUCT_BUNDLE_IDENTIFIER = com.alexconstantine.PokerAgent;
				PRODUCT_NAME = "$(TARGET_NAME)";
				PROVISIONING_PROFILE_SPECIFIER = "";
				SWIFT_VERSION = 4.0;
				TARGETED_DEVICE_FAMILY = "1,2";
			};
			name = Debug;
		};
		A49187C820ACB6DA00CF9CC9 /* Release */ = {
			isa = XCBuildConfiguration;
			baseConfigurationReference = 0CFF55BFB4CC1FD6BB433521 /* Pods-PokerAgent.release.xcconfig */;
			buildSettings = {
				ASSETCATALOG_COMPILER_APPICON_NAME = AppIcon;
				CODE_SIGN_IDENTITY = "iPhone Developer";
				CODE_SIGN_STYLE = Automatic;
				DEVELOPMENT_TEAM = 6H3MF736FD;
				INFOPLIST_FILE = PokerAgent/Info.plist;
				LD_RUNPATH_SEARCH_PATHS = (
					"$(inherited)",
					"@executable_path/Frameworks",
				);
				PRODUCT_BUNDLE_IDENTIFIER = com.alexconstantine.PokerAgent;
				PRODUCT_NAME = "$(TARGET_NAME)";
				PROVISIONING_PROFILE_SPECIFIER = "";
				SWIFT_VERSION = 4.0;
				TARGETED_DEVICE_FAMILY = "1,2";
			};
			name = Release;
		};
/* End XCBuildConfiguration section */

/* Begin XCConfigurationList section */
		A49187AF20ACB6DA00CF9CC9 /* Build configuration list for PBXProject "PokerAgent" */ = {
			isa = XCConfigurationList;
			buildConfigurations = (
				A49187C420ACB6DA00CF9CC9 /* Debug */,
				A49187C520ACB6DA00CF9CC9 /* Release */,
			);
			defaultConfigurationIsVisible = 0;
			defaultConfigurationName = Release;
		};
		A49187C620ACB6DA00CF9CC9 /* Build configuration list for PBXNativeTarget "PokerAgent" */ = {
			isa = XCConfigurationList;
			buildConfigurations = (
				A49187C720ACB6DA00CF9CC9 /* Debug */,
				A49187C820ACB6DA00CF9CC9 /* Release */,
			);
			defaultConfigurationIsVisible = 0;
			defaultConfigurationName = Release;
		};
/* End XCConfigurationList section */
	};
	rootObject = A49187AC20ACB6DA00CF9CC9 /* Project object */;
}
